
Microsoft Visual Studio Solution File, Format Version 12.00
# Visual Studio 2013
VisualStudioVersion = 12.0.30110.0
MinimumVisualStudioVersion = 10.0.40219.1
Project("{FAE04EC0-301F-11D3-BF4B-00C04F79EFBC}") = "Kurukshetra.Hackathon2014.PaymentGateway.Web", "Kurukshetra.Hackathon2014.PaymentGateway.Web\Kurukshetra.Hackathon2014.PaymentGateway.Web.csproj", "{32E87E53-40FA-4A9F-9E4F-299D63E16A5C}"
EndProject
Project("{FAE04EC0-301F-11D3-BF4B-00C04F79EFBC}") = "Kurukshetra.Hackathon2014.PaymentGateway.Web.Tests", "Kurukshetra.Hackathon2014.PaymentGateway.Web.Tests\Kurukshetra.Hackathon2014.PaymentGateway.Web.Tests.csproj", "{1D60FD80-25F8-44B1-9771-2DFC916A0932}"
EndProject
Project("{FAE04EC0-301F-11D3-BF4B-00C04F79EFBC}") = "Kurukshetra.Hackathon2014.PaymentGateway.Domain", "Kurukshetra.Hackathon2014.PaymentGateway.Domain\Kurukshetra.Hackathon2014.PaymentGateway.Domain.csproj", "{58545CAD-945D-4AB4-ABB6-B613C51EADF1}"
EndProject
Project("{FAE04EC0-301F-11D3-BF4B-00C04F79EFBC}") = "Kurukshetra.Hackathon2014.PaymentGateway.Store", "Kurukshetra.Hackathon2014.PaymentGateway.Store\Kurukshetra.Hackathon2014.PaymentGateway.Store.csproj", "{C022B4C8-F9D1-4174-881D-09221C9831EC}"
EndProject
Project("{FAE04EC0-301F-11D3-BF4B-00C04F79EFBC}") = "Kurukshetra.Hackathon2014.QRCodeLib", "Kurukshetra.Hackathon2014.QRCodeLib\Kurukshetra.Hackathon2014.QRCodeLib.csproj", "{90E8B2E1-5861-4686-9BB1-7570FF34FC39}"
EndProject
Project("{FAE04EC0-301F-11D3-BF4B-00C04F79EFBC}") = "Kurukshetra.Hackathon2014.QRCodeLib.Test", "Kurukshetra.Hackathon2014.QRCodeLib.Test\Kurukshetra.Hackathon2014.QRCodeLib.Test.csproj", "{00D6AF53-55E5-4D42-920E-E1079B199689}"
EndProject
Project("{FAE04EC0-301F-11D3-BF4B-00C04F79EFBC}") = "Kurukshetra.Hackathon2014.Dto", "Kurukshetra.Hackathon2014.Dto\Kurukshetra.Hackathon2014.Dto.csproj", "{277D3061-2DA3-45E3-B0CE-46D73DC8AD13}"
EndProject
Project("{FAE04EC0-301F-11D3-BF4B-00C04F79EFBC}") = "Kurukshetra.Hackathon2014.Client.Core", "Kurukshetra.Hackathon2014.Client.Core\Kurukshetra.Hackathon2014.Client.Core.csproj", "{8315427A-7D35-450D-B836-253E36027716}"
EndProject
Project("{FAE04EC0-301F-11D3-BF4B-00C04F79EFBC}") = "Kurukshetra.Hackathon2014.Client.Core.Test", "Kurukshetra.Hackathon2014.Client.Core.Test\Kurukshetra.Hackathon2014.Client.Core.Test.csproj", "{208A333A-0BB2-4E99-A502-0F9D5FA6FACE}"
EndProject
Project("{FAE04EC0-301F-11D3-BF4B-00C04F79EFBC}") = "Kurukshetra.Hackathon2014.Client.Android12", "Kurukshetra.Hackathon2014.Client.Android12\Kurukshetra.Hackathon2014.Client.Android12.csproj", "{988C90F8-82F6-45FF-8617-BA6B83A513C7}"
EndProject
Global
	GlobalSection(SolutionConfigurationPlatforms) = preSolution
		Debug|Any CPU = Debug|Any CPU
		Release|Any CPU = Release|Any CPU
	EndGlobalSection
	GlobalSection(ProjectConfigurationPlatforms) = postSolution
		{32E87E53-40FA-4A9F-9E4F-299D63E16A5C}.Debug|Any CPU.ActiveCfg = Debug|Any CPU
		{32E87E53-40FA-4A9F-9E4F-299D63E16A5C}.Debug|Any CPU.Build.0 = Debug|Any CPU
		{32E87E53-40FA-4A9F-9E4F-299D63E16A5C}.Release|Any CPU.ActiveCfg = Release|Any CPU
		{32E87E53-40FA-4A9F-9E4F-299D63E16A5C}.Release|Any CPU.Build.0 = Release|Any CPU
		{1D60FD80-25F8-44B1-9771-2DFC916A0932}.Debug|Any CPU.ActiveCfg = Debug|Any CPU
		{1D60FD80-25F8-44B1-9771-2DFC916A0932}.Debug|Any CPU.Build.0 = Debug|Any CPU
		{1D60FD80-25F8-44B1-9771-2DFC916A0932}.Release|Any CPU.ActiveCfg = Release|Any CPU
		{1D60FD80-25F8-44B1-9771-2DFC916A0932}.Release|Any CPU.Build.0 = Release|Any CPU
		{58545CAD-945D-4AB4-ABB6-B613C51EADF1}.Debug|Any CPU.ActiveCfg = Debug|Any CPU
		{58545CAD-945D-4AB4-ABB6-B613C51EADF1}.Debug|Any CPU.Build.0 = Debug|Any CPU
		{58545CAD-945D-4AB4-ABB6-B613C51EADF1}.Release|Any CPU.ActiveCfg = Release|Any CPU
		{58545CAD-945D-4AB4-ABB6-B613C51EADF1}.Release|Any CPU.Build.0 = Release|Any CPU
		{C022B4C8-F9D1-4174-881D-09221C9831EC}.Debug|Any CPU.ActiveCfg = Debug|Any CPU
		{C022B4C8-F9D1-4174-881D-09221C9831EC}.Debug|Any CPU.Build.0 = Debug|Any CPU
		{C022B4C8-F9D1-4174-881D-09221C9831EC}.Release|Any CPU.ActiveCfg = Release|Any CPU
		{C022B4C8-F9D1-4174-881D-09221C9831EC}.Release|Any CPU.Build.0 = Release|Any CPU
		{90E8B2E1-5861-4686-9BB1-7570FF34FC39}.Debug|Any CPU.ActiveCfg = Debug|Any CPU
		{90E8B2E1-5861-4686-9BB1-7570FF34FC39}.Debug|Any CPU.Build.0 = Debug|Any CPU
		{90E8B2E1-5861-4686-9BB1-7570FF34FC39}.Release|Any CPU.ActiveCfg = Release|Any CPU
		{90E8B2E1-5861-4686-9BB1-7570FF34FC39}.Release|Any CPU.Build.0 = Release|Any CPU
		{00D6AF53-55E5-4D42-920E-E1079B199689}.Debug|Any CPU.ActiveCfg = Debug|Any CPU
		{00D6AF53-55E5-4D42-920E-E1079B199689}.Debug|Any CPU.Build.0 = Debug|Any CPU
		{00D6AF53-55E5-4D42-920E-E1079B199689}.Release|Any CPU.ActiveCfg = Release|Any CPU
		{00D6AF53-55E5-4D42-920E-E1079B199689}.Release|Any CPU.Build.0 = Release|Any CPU
		{277D3061-2DA3-45E3-B0CE-46D73DC8AD13}.Debug|Any CPU.ActiveCfg = Debug|Any CPU
		{277D3061-2DA3-45E3-B0CE-46D73DC8AD13}.Debug|Any CPU.Build.0 = Debug|Any CPU
		{277D3061-2DA3-45E3-B0CE-46D73DC8AD13}.Release|Any CPU.ActiveCfg = Release|Any CPU
		{277D3061-2DA3-45E3-B0CE-46D73DC8AD13}.Release|Any CPU.Build.0 = Release|Any CPU
		{8315427A-7D35-450D-B836-253E36027716}.Debug|Any CPU.ActiveCfg = Debug|Any CPU
		{8315427A-7D35-450D-B836-253E36027716}.Debug|Any CPU.Build.0 = Debug|Any CPU
		{8315427A-7D35-450D-B836-253E36027716}.Release|Any CPU.ActiveCfg = Release|Any CPU
		{8315427A-7D35-450D-B836-253E36027716}.Release|Any CPU.Build.0 = Release|Any CPU
		{208A333A-0BB2-4E99-A502-0F9D5FA6FACE}.Debug|Any CPU.ActiveCfg = Debug|Any CPU
		{208A333A-0BB2-4E99-A502-0F9D5FA6FACE}.Debug|Any CPU.Build.0 = Debug|Any CPU
		{208A333A-0BB2-4E99-A502-0F9D5FA6FACE}.Release|Any CPU.ActiveCfg = Release|Any CPU
		{208A333A-0BB2-4E99-A502-0F9D5FA6FACE}.Release|Any CPU.Build.0 = Release|Any CPU
		{988C90F8-82F6-45FF-8617-BA6B83A513C7}.Debug|Any CPU.ActiveCfg = Debug|Any CPU
		{988C90F8-82F6-45FF-8617-BA6B83A513C7}.Debug|Any CPU.Build.0 = Debug|Any CPU
		{988C90F8-82F6-45FF-8617-BA6B83A513C7}.Debug|Any CPU.Deploy.0 = Debug|Any CPU
		{988C90F8-82F6-45FF-8617-BA6B83A513C7}.Release|Any CPU.ActiveCfg = Release|Any CPU
		{988C90F8-82F6-45FF-8617-BA6B83A513C7}.Release|Any CPU.Build.0 = Release|Any CPU
		{988C90F8-82F6-45FF-8617-BA6B83A513C7}.Release|Any CPU.Deploy.0 = Release|Any CPU
	EndGlobalSection
	GlobalSection(SolutionProperties) = preSolution
		HideSolutionNode = FALSE
	EndGlobalSection
EndGlobal
